
Microsoft Visual Studio Solution File, Format Version 12.00
# Visual Studio Version 16
VisualStudioVersion = 16.0.32413.511
MinimumVisualStudioVersion = 10.0.40219.1
Project("{FAE04EC0-301F-11D3-BF4B-00C04F79EFBC}") = "WpfRavRobot", "WpfRavRobot\WpfRavRobot.csproj", "{F08ED4C0-9430-4D95-9CE8-619FCC02095E}"
EndProject
Global
	GlobalSection(SolutionConfigurationPlatforms) = preSolution
		Debug|Any CPU = Debug|Any CPU
		Release|Any CPU = Release|Any CPU
	EndGlobalSection
	GlobalSection(ProjectConfigurationPlatforms) = postSolution
		{F08ED4C0-9430-4D95-9CE8-619FCC02095E}.Debug|Any CPU.ActiveCfg = Debug|Any CPU
		{F08ED4C0-9430-4D95-9CE8-619FCC02095E}.Debug|Any CPU.Build.0 = Debug|Any CPU
		{F08ED4C0-9430-4D95-9CE8-619FCC02095E}.Release|Any CPU.ActiveCfg = Release|Any CPU
		{F08ED4C0-9430-4D95-9CE8-619FCC02095E}.Release|Any CPU.Build.0 = Release|Any CPU
	EndGlobalSection
	GlobalSection(SolutionProperties) = preSolution
		HideSolutionNode = FALSE
	EndGlobalSection
	GlobalSection(ExtensibilityGlobals) = postSolution
		SolutionGuid = {D05F8708-4727-4649-9ED2-407EEF6D9B95}
	EndGlobalSection
EndGlobal
